// !$*UTF8*$!
{
	archiveVersion = 1;
	classes = {
	};
	objectVersion = 46;
	objects = {

/* Begin PBXBuildFile section */
		A44835221DF2C8C0003B062C /* demo0.m4v in Resources */ = {isa = PBXBuildFile; fileRef = A44835211DF2C8C0003B062C /* demo0.m4v */; };
		A49AF1541DE36A3B00346A45 /* CLLabel.m in Sources */ = {isa = PBXBuildFile; fileRef = A49AF1531DE36A3B00346A45 /* CLLabel.m */; };
		A4AFF33F1DDCCFFA0023B2DD /* main.m in Sources */ = {isa = PBXBuildFile; fileRef = A4AFF33E1DDCCFFA0023B2DD /* main.m */; };
		A4AFF3421DDCCFFA0023B2DD /* AppDelegate.m in Sources */ = {isa = PBXBuildFile; fileRef = A4AFF3411DDCCFFA0023B2DD /* AppDelegate.m */; };
		A4AFF3451DDCCFFA0023B2DD /* ViewController.m in Sources */ = {isa = PBXBuildFile; fileRef = A4AFF3441DDCCFFA0023B2DD /* ViewController.m */; };
		A4AFF3481DDCCFFA0023B2DD /* Main.storyboard in Resources */ = {isa = PBXBuildFile; fileRef = A4AFF3461DDCCFFA0023B2DD /* Main.storyboard */; };
		A4AFF34A1DDCCFFA0023B2DD /* Assets.xcassets in Resources */ = {isa = PBXBuildFile; fileRef = A4AFF3491DDCCFFA0023B2DD /* Assets.xcassets */; };
		A4AFF34D1DDCCFFA0023B2DD /* LaunchScreen.storyboard in Resources */ = {isa = PBXBuildFile; fileRef = A4AFF34B1DDCCFFA0023B2DD /* LaunchScreen.storyboard */; };
		A4AFF3581DDCCFFA0023B2DD /* __SpecializedLayersTests.m in Sources */ = {isa = PBXBuildFile; fileRef = A4AFF3571DDCCFFA0023B2DD /* __SpecializedLayersTests.m */; };
		A4AFF3631DDCCFFA0023B2DD /* __SpecializedLayersUITests.m in Sources */ = {isa = PBXBuildFile; fileRef = A4AFF3621DDCCFFA0023B2DD /* __SpecializedLayersUITests.m */; };
/* End PBXBuildFile section */

/* Begin PBXContainerItemProxy section */
		A4AFF3541DDCCFFA0023B2DD /* PBXContainerItemProxy */ = {
			isa = PBXContainerItemProxy;
			containerPortal = A4AFF3321DDCCFFA0023B2DD /* Project object */;
			proxyType = 1;
			remoteGlobalIDString = A4AFF3391DDCCFFA0023B2DD;
			remoteInfo = 6.SpecializedLayers;
		};
		A4AFF35F1DDCCFFA0023B2DD /* PBXContainerItemProxy */ = {
			isa = PBXContainerItemProxy;
			containerPortal = A4AFF3321DDCCFFA0023B2DD /* Project object */;
			proxyType = 1;
			remoteGlobalIDString = A4AFF3391DDCCFFA0023B2DD;
			remoteInfo = 6.SpecializedLayers;
		};
/* End PBXContainerItemProxy section */

/* Begin PBXFileReference section */
		A44835211DF2C8C0003B062C /* demo0.m4v */ = {isa = PBXFileReference; lastKnownFileType = file; path = demo0.m4v; sourceTree = "<group>"; };
		A49AF1521DE36A3B00346A45 /* CLLabel.h */ = {isa = PBXFileReference; fileEncoding = 4; lastKnownFileType = sourcecode.c.h; path = CLLabel.h; sourceTree = "<group>"; };
		A49AF1531DE36A3B00346A45 /* CLLabel.m */ = {isa = PBXFileReference; fileEncoding = 4; lastKnownFileType = sourcecode.c.objc; path = CLLabel.m; sourceTree = "<group>"; };
		A4AFF33A1DDCCFFA0023B2DD /* 6.SpecializedLayers.app */ = {isa = PBXFileReference; explicitFileType = wrapper.application; includeInIndex = 0; path = 6.SpecializedLayers.app; sourceTree = BUILT_PRODUCTS_DIR; };
		A4AFF33E1DDCCFFA0023B2DD /* main.m */ = {isa = PBXFileReference; lastKnownFileType = sourcecode.c.objc; path = main.m; sourceTree = "<group>"; };
		A4AFF3401DDCCFFA0023B2DD /* AppDelegate.h */ = {isa = PBXFileReference; lastKnownFileType = sourcecode.c.h; path = AppDelegate.h; sourceTree = "<group>"; };
		A4AFF3411DDCCFFA0023B2DD /* AppDelegate.m */ = {isa = PBXFileReference; lastKnownFileType = sourcecode.c.objc; path = AppDelegate.m; sourceTree = "<group>"; };
		A4AFF3431DDCCFFA0023B2DD /* ViewController.h */ = {isa = PBXFileReference; lastKnownFileType = sourcecode.c.h; path = ViewController.h; sourceTree = "<group>"; };
		A4AFF3441DDCCFFA0023B2DD /* ViewController.m */ = {isa = PBXFileReference; lastKnownFileType = sourcecode.c.objc; path = ViewController.m; sourceTree = "<group>"; };
		A4AFF3471DDCCFFA0023B2DD /* Base */ = {isa = PBXFileReference; lastKnownFileType = file.storyboard; name = Base; path = Base.lproj/Main.storyboard; sourceTree = "<group>"; };
		A4AFF3491DDCCFFA0023B2DD /* Assets.xcassets */ = {isa = PBXFileReference; lastKnownFileType = folder.assetcatalog; path = Assets.xcassets; sourceTree = "<group>"; };
		A4AFF34C1DDCCFFA0023B2DD /* Base */ = {isa = PBXFileReference; lastKnownFileType = file.storyboard; name = Base; path = Base.lproj/LaunchScreen.storyboard; sourceTree = "<group>"; };
		A4AFF34E1DDCCFFA0023B2DD /* Info.plist */ = {isa = PBXFileReference; lastKnownFileType = text.plist.xml; path = Info.plist; sourceTree = "<group>"; };
		A4AFF3531DDCCFFA0023B2DD /* 6.SpecializedLayersTests.xctest */ = {isa = PBXFileReference; explicitFileType = wrapper.cfbundle; includeInIndex = 0; path = 6.SpecializedLayersTests.xctest; sourceTree = BUILT_PRODUCTS_DIR; };
		A4AFF3571DDCCFFA0023B2DD /* __SpecializedLayersTests.m */ = {isa = PBXFileReference; lastKnownFileType = sourcecode.c.objc; path = __SpecializedLayersTests.m; sourceTree = "<group>"; };
		A4AFF3591DDCCFFA0023B2DD /* Info.plist */ = {isa = PBXFileReference; lastKnownFileType = text.plist.xml; path = Info.plist; sourceTree = "<group>"; };
		A4AFF35E1DDCCFFA0023B2DD /* 6.SpecializedLayersUITests.xctest */ = {isa = PBXFileReference; explicitFileType = wrapper.cfbundle; includeInIndex = 0; path = 6.SpecializedLayersUITests.xctest; sourceTree = BUILT_PRODUCTS_DIR; };
		A4AFF3621DDCCFFA0023B2DD /* __SpecializedLayersUITests.m */ = {isa = PBXFileReference; lastKnownFileType = sourcecode.c.objc; path = __SpecializedLayersUITests.m; sourceTree = "<group>"; };
		A4AFF3641DDCCFFA0023B2DD /* Info.plist */ = {isa = PBXFileReference; lastKnownFileType = text.plist.xml; path = Info.plist; sourceTree = "<group>"; };
/* End PBXFileReference section */

/* Begin PBXFrameworksBuildPhase section */
		A4AFF3371DDCCFFA0023B2DD /* Frameworks */ = {
			isa = PBXFrameworksBuildPhase;
			buildActionMask = 2147483647;
			files = (
			);
			runOnlyForDeploymentPostprocessing = 0;
		};
		A4AFF3501DDCCFFA0023B2DD /* Frameworks */ = {
			isa = PBXFrameworksBuildPhase;
			buildActionMask = 2147483647;
			files = (
			);
			runOnlyForDeploymentPostprocessing = 0;
		};
		A4AFF35B1DDCCFFA0023B2DD /* Frameworks */ = {
			isa = PBXFrameworksBuildPhase;
			buildActionMask = 2147483647;
			files = (
			);
			runOnlyForDeploymentPostprocessing = 0;
		};
/* End PBXFrameworksBuildPhase section */

/* Begin PBXGroup section */
		A49AF1511DE36A3300346A45 /* CLLabel */ = {
			isa = PBXGroup;
			children = (
				A49AF1521DE36A3B00346A45 /* CLLabel.h */,
				A49AF1531DE36A3B00346A45 /* CLLabel.m */,
			);
			path = CLLabel;
			sourceTree = "<group>";
		};
		A4AFF3311DDCCFFA0023B2DD = {
			isa = PBXGroup;
			children = (
				A4AFF33C1DDCCFFA0023B2DD /* 6.SpecializedLayers */,
				A4AFF3561DDCCFFA0023B2DD /* 6.SpecializedLayersTests */,
				A4AFF3611DDCCFFA0023B2DD /* 6.SpecializedLayersUITests */,
				A4AFF33B1DDCCFFA0023B2DD /* Products */,
			);
			sourceTree = "<group>";
		};
		A4AFF33B1DDCCFFA0023B2DD /* Products */ = {
			isa = PBXGroup;
			children = (
				A4AFF33A1DDCCFFA0023B2DD /* 6.SpecializedLayers.app */,
				A4AFF3531DDCCFFA0023B2DD /* 6.SpecializedLayersTests.xctest */,
				A4AFF35E1DDCCFFA0023B2DD /* 6.SpecializedLayersUITests.xctest */,
			);
			name = Products;
			sourceTree = "<group>";
		};
		A4AFF33C1DDCCFFA0023B2DD /* 6.SpecializedLayers */ = {
			isa = PBXGroup;
			children = (
				A44835211DF2C8C0003B062C /* demo0.m4v */,
				A49AF1511DE36A3300346A45 /* CLLabel */,
				A4AFF3401DDCCFFA0023B2DD /* AppDelegate.h */,
				A4AFF3411DDCCFFA0023B2DD /* AppDelegate.m */,
				A4AFF3431DDCCFFA0023B2DD /* ViewController.h */,
				A4AFF3441DDCCFFA0023B2DD /* ViewController.m */,
				A4AFF3461DDCCFFA0023B2DD /* Main.storyboard */,
				A4AFF3491DDCCFFA0023B2DD /* Assets.xcassets */,
				A4AFF34B1DDCCFFA0023B2DD /* LaunchScreen.storyboard */,
				A4AFF34E1DDCCFFA0023B2DD /* Info.plist */,
				A4AFF33D1DDCCFFA0023B2DD /* Supporting Files */,
			);
			path = 6.SpecializedLayers;
			sourceTree = "<group>";
		};
		A4AFF33D1DDCCFFA0023B2DD /* Supporting Files */ = {
			isa = PBXGroup;
			children = (
				A4AFF33E1DDCCFFA0023B2DD /* main.m */,
			);
			name = "Supporting Files";
			sourceTree = "<group>";
		};
		A4AFF3561DDCCFFA0023B2DD /* 6.SpecializedLayersTests */ = {
			isa = PBXGroup;
			children = (
				A4AFF3571DDCCFFA0023B2DD /* __SpecializedLayersTests.m */,
				A4AFF3591DDCCFFA0023B2DD /* Info.plist */,
			);
			path = 6.SpecializedLayersTests;
			sourceTree = "<group>";
		};
		A4AFF3611DDCCFFA0023B2DD /* 6.SpecializedLayersUITests */ = {
			isa = PBXGroup;
			children = (
				A4AFF3621DDCCFFA0023B2DD /* __SpecializedLayersUITests.m */,
				A4AFF3641DDCCFFA0023B2DD /* Info.plist */,
			);
			path = 6.SpecializedLayersUITests;
			sourceTree = "<group>";
		};
/* End PBXGroup section */

/* Begin PBXNativeTarget section */
		A4AFF3391DDCCFFA0023B2DD /* 6.SpecializedLayers */ = {
			isa = PBXNativeTarget;
			buildConfigurationList = A4AFF3671DDCCFFA0023B2DD /* Build configuration list for PBXNativeTarget "6.SpecializedLayers" */;
			buildPhases = (
				A4AFF3361DDCCFFA0023B2DD /* Sources */,
				A4AFF3371DDCCFFA0023B2DD /* Frameworks */,
				A4AFF3381DDCCFFA0023B2DD /* Resources */,
			);
			buildRules = (
			);
			dependencies = (
			);
			name = 6.SpecializedLayers;
			productName = 6.SpecializedLayers;
			productReference = A4AFF33A1DDCCFFA0023B2DD /* 6.SpecializedLayers.app */;
			productType = "com.apple.product-type.application";
		};
		A4AFF3521DDCCFFA0023B2DD /* 6.SpecializedLayersTests */ = {
			isa = PBXNativeTarget;
			buildConfigurationList = A4AFF36A1DDCCFFA0023B2DD /* Build configuration list for PBXNativeTarget "6.SpecializedLayersTests" */;
			buildPhases = (
				A4AFF34F1DDCCFFA0023B2DD /* Sources */,
				A4AFF3501DDCCFFA0023B2DD /* Frameworks */,
				A4AFF3511DDCCFFA0023B2DD /* Resources */,
			);
			buildRules = (
			);
			dependencies = (
				A4AFF3551DDCCFFA0023B2DD /* PBXTargetDependency */,
			);
			name = 6.SpecializedLayersTests;
			productName = 6.SpecializedLayersTests;
			productReference = A4AFF3531DDCCFFA0023B2DD /* 6.SpecializedLayersTests.xctest */;
			productType = "com.apple.product-type.bundle.unit-test";
		};
		A4AFF35D1DDCCFFA0023B2DD /* 6.SpecializedLayersUITests */ = {
			isa = PBXNativeTarget;
			buildConfigurationList = A4AFF36D1DDCCFFA0023B2DD /* Build configuration list for PBXNativeTarget "6.SpecializedLayersUITests" */;
			buildPhases = (
				A4AFF35A1DDCCFFA0023B2DD /* Sources */,
				A4AFF35B1DDCCFFA0023B2DD /* Frameworks */,
				A4AFF35C1DDCCFFA0023B2DD /* Resources */,
			);
			buildRules = (
			);
			dependencies = (
				A4AFF3601DDCCFFA0023B2DD /* PBXTargetDependency */,
			);
			name = 6.SpecializedLayersUITests;
			productName = 6.SpecializedLayersUITests;
			productReference = A4AFF35E1DDCCFFA0023B2DD /* 6.SpecializedLayersUITests.xctest */;
			productType = "com.apple.product-type.bundle.ui-testing";
		};
/* End PBXNativeTarget section */

/* Begin PBXProject section */
		A4AFF3321DDCCFFA0023B2DD /* Project object */ = {
			isa = PBXProject;
			attributes = {
				LastUpgradeCheck = 0730;
				ORGANIZATIONNAME = "Cain Luo";
				TargetAttributes = {
					A4AFF3391DDCCFFA0023B2DD = {
						CreatedOnToolsVersion = 7.3.1;
					};
					A4AFF3521DDCCFFA0023B2DD = {
						CreatedOnToolsVersion = 7.3.1;
						TestTargetID = A4AFF3391DDCCFFA0023B2DD;
					};
					A4AFF35D1DDCCFFA0023B2DD = {
						CreatedOnToolsVersion = 7.3.1;
						TestTargetID = A4AFF3391DDCCFFA0023B2DD;
					};
				};
			};
			buildConfigurationList = A4AFF3351DDCCFFA0023B2DD /* Build configuration list for PBXProject "6.SpecializedLayers" */;
			compatibilityVersion = "Xcode 3.2";
			developmentRegion = English;
			hasScannedForEncodings = 0;
			knownRegions = (
				en,
				Base,
			);
			mainGroup = A4AFF3311DDCCFFA0023B2DD;
			productRefGroup = A4AFF33B1DDCCFFA0023B2DD /* Products */;
			projectDirPath = "";
			projectRoot = "";
			targets = (
				A4AFF3391DDCCFFA0023B2DD /* 6.SpecializedLayers */,
				A4AFF3521DDCCFFA0023B2DD /* 6.SpecializedLayersTests */,
				A4AFF35D1DDCCFFA0023B2DD /* 6.SpecializedLayersUITests */,
			);
		};
/* End PBXProject section */

/* Begin PBXResourcesBuildPhase section */
		A4AFF3381DDCCFFA0023B2DD /* Resources */ = {
			isa = PBXResourcesBuildPhase;
			buildActionMask = 2147483647;
			files = (
				A4AFF34D1DDCCFFA0023B2DD /* LaunchScreen.storyboard in Resources */,
				A4AFF34A1DDCCFFA0023B2DD /* Assets.xcassets in Resources */,
				A4AFF3481DDCCFFA0023B2DD /* Main.storyboard in Resources */,
				A44835221DF2C8C0003B062C /* demo0.m4v in Resources */,
			);
			runOnlyForDeploymentPostprocessing = 0;
		};
		A4AFF3511DDCCFFA0023B2DD /* Resources */ = {
			isa = PBXResourcesBuildPhase;
			buildActionMask = 2147483647;
			files = (
			);
			runOnlyForDeploymentPostprocessing = 0;
		};
		A4AFF35C1DDCCFFA0023B2DD /* Resources */ = {
			isa = PBXResourcesBuildPhase;
			buildActionMask = 2147483647;
			files = (
			);
			runOnlyForDeploymentPostprocessing = 0;
		};
/* End PBXResourcesBuildPhase section */

/* Begin PBXSourcesBuildPhase section */
		A4AFF3361DDCCFFA0023B2DD /* Sources */ = {
			isa = PBXSourcesBuildPhase;
			buildActionMask = 2147483647;
			files = (
				A4AFF3451DDCCFFA0023B2DD /* ViewController.m in Sources */,
				A4AFF3421DDCCFFA0023B2DD /* AppDelegate.m in Sources */,
				A4AFF33F1DDCCFFA0023B2DD /* main.m in Sources */,
				A49AF1541DE36A3B00346A45 /* CLLabel.m in Sources */,
			);
			runOnlyForDeploymentPostprocessing = 0;
		};
		A4AFF34F1DDCCFFA0023B2DD /* Sources */ = {
			isa = PBXSourcesBuildPhase;
			buildActionMask = 2147483647;
			files = (
				A4AFF3581DDCCFFA0023B2DD /* __SpecializedLayersTests.m in Sources */,
			);
			runOnlyForDeploymentPostprocessing = 0;
		};
		A4AFF35A1DDCCFFA0023B2DD /* Sources */ = {
			isa = PBXSourcesBuildPhase;
			buildActionMask = 2147483647;
			files = (
				A4AFF3631DDCCFFA0023B2DD /* __SpecializedLayersUITests.m in Sources */,
			);
			runOnlyForDeploymentPostprocessing = 0;
		};
/* End PBXSourcesBuildPhase section */

/* Begin PBXTargetDependency section */
		A4AFF3551DDCCFFA0023B2DD /* PBXTargetDependency */ = {
			isa = PBXTargetDependency;
			target = A4AFF3391DDCCFFA0023B2DD /* 6.SpecializedLayers */;
			targetProxy = A4AFF3541DDCCFFA0023B2DD /* PBXContainerItemProxy */;
		};
		A4AFF3601DDCCFFA0023B2DD /* PBXTargetDependency */ = {
			isa = PBXTargetDependency;
			target = A4AFF3391DDCCFFA0023B2DD /* 6.SpecializedLayers */;
			targetProxy = A4AFF35F1DDCCFFA0023B2DD /* PBXContainerItemProxy */;
		};
/* End PBXTargetDependency section */

/* Begin PBXVariantGroup section */
		A4AFF3461DDCCFFA0023B2DD /* Main.storyboard */ = {
			isa = PBXVariantGroup;
			children = (
				A4AFF3471DDCCFFA0023B2DD /* Base */,
			);
			name = Main.storyboard;
			sourceTree = "<group>";
		};
		A4AFF34B1DDCCFFA0023B2DD /* LaunchScreen.storyboard */ = {
			isa = PBXVariantGroup;
			children = (
				A4AFF34C1DDCCFFA0023B2DD /* Base */,
			);
			name = LaunchScreen.storyboard;
			sourceTree = "<group>";
		};
/* End PBXVariantGroup section */

/* Begin XCBuildConfiguration section */
		A4AFF3651DDCCFFA0023B2DD /* Debug */ = {
			isa = XCBuildConfiguration;
			buildSettings = {
				ALWAYS_SEARCH_USER_PATHS = NO;
				CLANG_ANALYZER_NONNULL = YES;
				CLANG_CXX_LANGUAGE_STANDARD = "gnu++0x";
				CLANG_CXX_LIBRARY = "libc++";
				CLANG_ENABLE_MODULES = YES;
				CLANG_ENABLE_OBJC_ARC = YES;
				CLANG_WARN_BOOL_CONVERSION = YES;
				CLANG_WARN_CONSTANT_CONVERSION = YES;
				CLANG_WARN_DIRECT_OBJC_ISA_USAGE = YES_ERROR;
				CLANG_WARN_EMPTY_BODY = YES;
				CLANG_WARN_ENUM_CONVERSION = YES;
				CLANG_WARN_INT_CONVERSION = YES;
				CLANG_WARN_OBJC_ROOT_CLASS = YES_ERROR;
				CLANG_WARN_UNREACHABLE_CODE = YES;
				CLANG_WARN__DUPLICATE_METHOD_MATCH = YES;
				"CODE_SIGN_IDENTITY[sdk=iphoneos*]" = "iPhone Developer";
				COPY_PHASE_STRIP = NO;
				DEBUG_INFORMATION_FORMAT = dwarf;
				ENABLE_STRICT_OBJC_MSGSEND = YES;
				ENABLE_TESTABILITY = YES;
				GCC_C_LANGUAGE_STANDARD = gnu99;
				GCC_DYNAMIC_NO_PIC = NO;
				GCC_NO_COMMON_BLOCKS = YES;
				GCC_OPTIMIZATION_LEVEL = 0;
				GCC_PREPROCESSOR_DEFINITIONS = (
					"DEBUG=1",
					"$(inherited)",
				);
				GCC_WARN_64_TO_32_BIT_CONVERSION = YES;
				GCC_WARN_ABOUT_RETURN_TYPE = YES_ERROR;
				GCC_WARN_UNDECLARED_SELECTOR = YES;
				GCC_WARN_UNINITIALIZED_AUTOS = YES_AGGRESSIVE;
				GCC_WARN_UNUSED_FUNCTION = YES;
				GCC_WARN_UNUSED_VARIABLE = YES;
				IPHONEOS_DEPLOYMENT_TARGET = 9.3;
				MTL_ENABLE_DEBUG_INFO = YES;
				ONLY_ACTIVE_ARCH = YES;
				SDKROOT = iphoneos;
				TARGETED_DEVICE_FAMILY = "1,2";
			};
			name = Debug;
		};
		A4AFF3661DDCCFFA0023B2DD /* Release */ = {
			isa = XCBuildConfiguration;
			buildSettings = {
				ALWAYS_SEARCH_USER_PATHS = NO;
				CLANG_ANALYZER_NONNULL = YES;
				CLANG_CXX_LANGUAGE_STANDARD = "gnu++0x";
				CLANG_CXX_LIBRARY = "libc++";
				CLANG_ENABLE_MODULES = YES;
				CLANG_ENABLE_OBJC_ARC = YES;
				CLANG_WARN_BOOL_CONVERSION = YES;
				CLANG_WARN_CONSTANT_CONVERSION = YES;
				CLANG_WARN_DIRECT_OBJC_ISA_USAGE = YES_ERROR;
				CLANG_WARN_EMPTY_BODY = YES;
				CLANG_WARN_ENUM_CONVERSION = YES;
				CLANG_WARN_INT_CONVERSION = YES;
				CLANG_WARN_OBJC_ROOT_CLASS = YES_ERROR;
				CLANG_WARN_UNREACHABLE_CODE = YES;
				CLANG_WARN__DUPLICATE_METHOD_MATCH = YES;
				"CODE_SIGN_IDENTITY[sdk=iphoneos*]" = "iPhone Developer";
				COPY_PHASE_STRIP = NO;
				DEBUG_INFORMATION_FORMAT = "dwarf-with-dsym";
				ENABLE_NS_ASSERTIONS = NO;
				ENABLE_STRICT_OBJC_MSGSEND = YES;
				GCC_C_LANGUAGE_STANDARD = gnu99;
				GCC_NO_COMMON_BLOCKS = YES;
				GCC_WARN_64_TO_32_BIT_CONVERSION = YES;
				GCC_WARN_ABOUT_RETURN_TYPE = YES_ERROR;
				GCC_WARN_UNDECLARED_SELECTOR = YES;
				GCC_WARN_UNINITIALIZED_AUTOS = YES_AGGRESSIVE;
				GCC_WARN_UNUSED_FUNCTION = YES;
				GCC_WARN_UNUSED_VARIABLE = YES;
				IPHONEOS_DEPLOYMENT_TARGET = 9.3;
				MTL_ENABLE_DEBUG_INFO = NO;
				SDKROOT = iphoneos;
				TARGETED_DEVICE_FAMILY = "1,2";
				VALIDATE_PRODUCT = YES;
			};
			name = Release;
		};
		A4AFF3681DDCCFFA0023B2DD /* Debug */ = {
			isa = XCBuildConfiguration;
			buildSettings = {
				ASSETCATALOG_COMPILER_APPICON_NAME = AppIcon;
				INFOPLIST_FILE = 6.SpecializedLayers/Info.plist;
				LD_RUNPATH_SEARCH_PATHS = "$(inherited) @executable_path/Frameworks";
				PRODUCT_BUNDLE_IDENTIFIER = "com.CainLuo.--SpecializedLayers";
				PRODUCT_NAME = "$(TARGET_NAME)";
			};
			name = Debug;
		};
		A4AFF3691DDCCFFA0023B2DD /* Release */ = {
			isa = XCBuildConfiguration;
			buildSettings = {
				ASSETCATALOG_COMPILER_APPICON_NAME = AppIcon;
				INFOPLIST_FILE = 6.SpecializedLayers/Info.plist;
				LD_RUNPATH_SEARCH_PATHS = "$(inherited) @executable_path/Frameworks";
				PRODUCT_BUNDLE_IDENTIFIER = "com.CainLuo.--SpecializedLayers";
				PRODUCT_NAME = "$(TARGET_NAME)";
			};
			name = Release;
		};
		A4AFF36B1DDCCFFA0023B2DD /* Debug */ = {
			isa = XCBuildConfiguration;
			buildSettings = {
				BUNDLE_LOADER = "$(TEST_HOST)";
				INFOPLIST_FILE = 6.SpecializedLayersTests/Info.plist;
				LD_RUNPATH_SEARCH_PATHS = "$(inherited) @executable_path/Frameworks @loader_path/Frameworks";
				PRODUCT_BUNDLE_IDENTIFIER = "com.CainLuo.--SpecializedLayersTests";
				PRODUCT_NAME = "$(TARGET_NAME)";
				TEST_HOST = "$(BUILT_PRODUCTS_DIR)/6.SpecializedLayers.app/6.SpecializedLayers";
			};
			name = Debug;
		};
		A4AFF36C1DDCCFFA0023B2DD /* Release */ = {
			isa = XCBuildConfiguration;
			buildSettings = {
				BUNDLE_LOADER = "$(TEST_HOST)";
				INFOPLIST_FILE = 6.SpecializedLayersTests/Info.plist;
				LD_RUNPATH_SEARCH_PATHS = "$(inherited) @executable_path/Frameworks @loader_path/Frameworks";
				PRODUCT_BUNDLE_IDENTIFIER = "com.CainLuo.--SpecializedLayersTests";
				PRODUCT_NAME = "$(TARGET_NAME)";
				TEST_HOST = "$(BUILT_PRODUCTS_DIR)/6.SpecializedLayers.app/6.SpecializedLayers";
			};
			name = Release;
		};
		A4AFF36E1DDCCFFA0023B2DD /* Debug */ = {
			isa = XCBuildConfiguration;
			buildSettings = {
				INFOPLIST_FILE = 6.SpecializedLayersUITests/Info.plist;
				LD_RUNPATH_SEARCH_PATHS = "$(inherited) @executable_path/Frameworks @loader_path/Frameworks";
				PRODUCT_BUNDLE_IDENTIFIER = "com.CainLuo.--SpecializedLayersUITests";
				PRODUCT_NAME = "$(TARGET_NAME)";
				TEST_TARGET_NAME = 6.SpecializedLayers;
			};
			name = Debug;
		};
		A4AFF36F1DDCCFFA0023B2DD /* Release */ = {
			isa = XCBuildConfiguration;
			buildSettings = {
				INFOPLIST_FILE = 6.SpecializedLayersUITests/Info.plist;
				LD_RUNPATH_SEARCH_PATHS = "$(inherited) @executable_path/Frameworks @loader_path/Frameworks";
				PRODUCT_BUNDLE_IDENTIFIER = "com.CainLuo.--SpecializedLayersUITests";
				PRODUCT_NAME = "$(TARGET_NAME)";
				TEST_TARGET_NAME = 6.SpecializedLayers;
			};
			name = Release;
		};
/* End XCBuildConfiguration section */

/* Begin XCConfigurationList section */
		A4AFF3351DDCCFFA0023B2DD /* Build configuration list for PBXProject "6.SpecializedLayers" */ = {
			isa = XCConfigurationList;
			buildConfigurations = (
				A4AFF3651DDCCFFA0023B2DD /* Debug */,
				A4AFF3661DDCCFFA0023B2DD /* Release */,
			);
			defaultConfigurationIsVisible = 0;
			defaultConfigurationName = Release;
		};
		A4AFF3671DDCCFFA0023B2DD /* Build configuration list for PBXNativeTarget "6.SpecializedLayers" */ = {
			isa = XCConfigurationList;
			buildConfigurations = (
				A4AFF3681DDCCFFA0023B2DD /* Debug */,
				A4AFF3691DDCCFFA0023B2DD /* Release */,
			);
			defaultConfigurationIsVisible = 0;
			defaultConfigurationName = Release;
		};
		A4AFF36A1DDCCFFA0023B2DD /* Build configuration list for PBXNativeTarget "6.SpecializedLayersTests" */ = {
			isa = XCConfigurationList;
			buildConfigurations = (
				A4AFF36B1DDCCFFA0023B2DD /* Debug */,
				A4AFF36C1DDCCFFA0023B2DD /* Release */,
			);
			defaultConfigurationIsVisible = 0;
			defaultConfigurationName = Release;
		};
		A4AFF36D1DDCCFFA0023B2DD /* Build configuration list for PBXNativeTarget "6.SpecializedLayersUITests" */ = {
			isa = XCConfigurationList;
			buildConfigurations = (
				A4AFF36E1DDCCFFA0023B2DD /* Debug */,
				A4AFF36F1DDCCFFA0023B2DD /* Release */,
			);
			defaultConfigurationIsVisible = 0;
			defaultConfigurationName = Release;
		};
/* End XCConfigurationList section */
	};
	rootObject = A4AFF3321DDCCFFA0023B2DD /* Project object */;
}
