// !$*UTF8*$!
{
	archiveVersion = 1;
	classes = {
	};
	objectVersion = 46;
	objects = {

/* Begin PBXBuildFile section */
		A4037C9A1DFA60C500C05F77 /* main.m in Sources */ = {isa = PBXBuildFile; fileRef = A4037C991DFA60C500C05F77 /* main.m */; };
		A4037C9D1DFA60C500C05F77 /* AppDelegate.m in Sources */ = {isa = PBXBuildFile; fileRef = A4037C9C1DFA60C500C05F77 /* AppDelegate.m */; };
		A4037CA01DFA60C500C05F77 /* ViewController.m in Sources */ = {isa = PBXBuildFile; fileRef = A4037C9F1DFA60C500C05F77 /* ViewController.m */; };
		A4037CA31DFA60C500C05F77 /* Main.storyboard in Resources */ = {isa = PBXBuildFile; fileRef = A4037CA11DFA60C500C05F77 /* Main.storyboard */; };
		A4037CA51DFA60C500C05F77 /* Assets.xcassets in Resources */ = {isa = PBXBuildFile; fileRef = A4037CA41DFA60C500C05F77 /* Assets.xcassets */; };
		A4037CA81DFA60C500C05F77 /* LaunchScreen.storyboard in Resources */ = {isa = PBXBuildFile; fileRef = A4037CA61DFA60C500C05F77 /* LaunchScreen.storyboard */; };
		A4037CB31DFA60C500C05F77 /* __ExplicitAnimationsTests.m in Sources */ = {isa = PBXBuildFile; fileRef = A4037CB21DFA60C500C05F77 /* __ExplicitAnimationsTests.m */; };
		A4037CBE1DFA60C500C05F77 /* __ExplicitAnimationsUITests.m in Sources */ = {isa = PBXBuildFile; fileRef = A4037CBD1DFA60C500C05F77 /* __ExplicitAnimationsUITests.m */; };
/* End PBXBuildFile section */

/* Begin PBXContainerItemProxy section */
		A4037CAF1DFA60C500C05F77 /* PBXContainerItemProxy */ = {
			isa = PBXContainerItemProxy;
			containerPortal = A4037C8D1DFA60C500C05F77 /* Project object */;
			proxyType = 1;
			remoteGlobalIDString = A4037C941DFA60C500C05F77;
			remoteInfo = 8.ExplicitAnimations;
		};
		A4037CBA1DFA60C500C05F77 /* PBXContainerItemProxy */ = {
			isa = PBXContainerItemProxy;
			containerPortal = A4037C8D1DFA60C500C05F77 /* Project object */;
			proxyType = 1;
			remoteGlobalIDString = A4037C941DFA60C500C05F77;
			remoteInfo = 8.ExplicitAnimations;
		};
/* End PBXContainerItemProxy section */

/* Begin PBXFileReference section */
		A4037C951DFA60C500C05F77 /* 8.ExplicitAnimations.app */ = {isa = PBXFileReference; explicitFileType = wrapper.application; includeInIndex = 0; path = 8.ExplicitAnimations.app; sourceTree = BUILT_PRODUCTS_DIR; };
		A4037C991DFA60C500C05F77 /* main.m */ = {isa = PBXFileReference; lastKnownFileType = sourcecode.c.objc; path = main.m; sourceTree = "<group>"; };
		A4037C9B1DFA60C500C05F77 /* AppDelegate.h */ = {isa = PBXFileReference; lastKnownFileType = sourcecode.c.h; path = AppDelegate.h; sourceTree = "<group>"; };
		A4037C9C1DFA60C500C05F77 /* AppDelegate.m */ = {isa = PBXFileReference; lastKnownFileType = sourcecode.c.objc; path = AppDelegate.m; sourceTree = "<group>"; };
		A4037C9E1DFA60C500C05F77 /* ViewController.h */ = {isa = PBXFileReference; lastKnownFileType = sourcecode.c.h; path = ViewController.h; sourceTree = "<group>"; };
		A4037C9F1DFA60C500C05F77 /* ViewController.m */ = {isa = PBXFileReference; lastKnownFileType = sourcecode.c.objc; path = ViewController.m; sourceTree = "<group>"; };
		A4037CA21DFA60C500C05F77 /* Base */ = {isa = PBXFileReference; lastKnownFileType = file.storyboard; name = Base; path = Base.lproj/Main.storyboard; sourceTree = "<group>"; };
		A4037CA41DFA60C500C05F77 /* Assets.xcassets */ = {isa = PBXFileReference; lastKnownFileType = folder.assetcatalog; path = Assets.xcassets; sourceTree = "<group>"; };
		A4037CA71DFA60C500C05F77 /* Base */ = {isa = PBXFileReference; lastKnownFileType = file.storyboard; name = Base; path = Base.lproj/LaunchScreen.storyboard; sourceTree = "<group>"; };
		A4037CA91DFA60C500C05F77 /* Info.plist */ = {isa = PBXFileReference; lastKnownFileType = text.plist.xml; path = Info.plist; sourceTree = "<group>"; };
		A4037CAE1DFA60C500C05F77 /* 8.ExplicitAnimationsTests.xctest */ = {isa = PBXFileReference; explicitFileType = wrapper.cfbundle; includeInIndex = 0; path = 8.ExplicitAnimationsTests.xctest; sourceTree = BUILT_PRODUCTS_DIR; };
		A4037CB21DFA60C500C05F77 /* __ExplicitAnimationsTests.m */ = {isa = PBXFileReference; lastKnownFileType = sourcecode.c.objc; path = __ExplicitAnimationsTests.m; sourceTree = "<group>"; };
		A4037CB41DFA60C500C05F77 /* Info.plist */ = {isa = PBXFileReference; lastKnownFileType = text.plist.xml; path = Info.plist; sourceTree = "<group>"; };
		A4037CB91DFA60C500C05F77 /* 8.ExplicitAnimationsUITests.xctest */ = {isa = PBXFileReference; explicitFileType = wrapper.cfbundle; includeInIndex = 0; path = 8.ExplicitAnimationsUITests.xctest; sourceTree = BUILT_PRODUCTS_DIR; };
		A4037CBD1DFA60C500C05F77 /* __ExplicitAnimationsUITests.m */ = {isa = PBXFileReference; lastKnownFileType = sourcecode.c.objc; path = __ExplicitAnimationsUITests.m; sourceTree = "<group>"; };
		A4037CBF1DFA60C500C05F77 /* Info.plist */ = {isa = PBXFileReference; lastKnownFileType = text.plist.xml; path = Info.plist; sourceTree = "<group>"; };
/* End PBXFileReference section */

/* Begin PBXFrameworksBuildPhase section */
		A4037C921DFA60C500C05F77 /* Frameworks */ = {
			isa = PBXFrameworksBuildPhase;
			buildActionMask = 2147483647;
			files = (
			);
			runOnlyForDeploymentPostprocessing = 0;
		};
		A4037CAB1DFA60C500C05F77 /* Frameworks */ = {
			isa = PBXFrameworksBuildPhase;
			buildActionMask = 2147483647;
			files = (
			);
			runOnlyForDeploymentPostprocessing = 0;
		};
		A4037CB61DFA60C500C05F77 /* Frameworks */ = {
			isa = PBXFrameworksBuildPhase;
			buildActionMask = 2147483647;
			files = (
			);
			runOnlyForDeploymentPostprocessing = 0;
		};
/* End PBXFrameworksBuildPhase section */

/* Begin PBXGroup section */
		A4037C8C1DFA60C500C05F77 = {
			isa = PBXGroup;
			children = (
				A4037C971DFA60C500C05F77 /* 8.ExplicitAnimations */,
				A4037CB11DFA60C500C05F77 /* 8.ExplicitAnimationsTests */,
				A4037CBC1DFA60C500C05F77 /* 8.ExplicitAnimationsUITests */,
				A4037C961DFA60C500C05F77 /* Products */,
			);
			sourceTree = "<group>";
		};
		A4037C961DFA60C500C05F77 /* Products */ = {
			isa = PBXGroup;
			children = (
				A4037C951DFA60C500C05F77 /* 8.ExplicitAnimations.app */,
				A4037CAE1DFA60C500C05F77 /* 8.ExplicitAnimationsTests.xctest */,
				A4037CB91DFA60C500C05F77 /* 8.ExplicitAnimationsUITests.xctest */,
			);
			name = Products;
			sourceTree = "<group>";
		};
		A4037C971DFA60C500C05F77 /* 8.ExplicitAnimations */ = {
			isa = PBXGroup;
			children = (
				A4037C9B1DFA60C500C05F77 /* AppDelegate.h */,
				A4037C9C1DFA60C500C05F77 /* AppDelegate.m */,
				A4037C9E1DFA60C500C05F77 /* ViewController.h */,
				A4037C9F1DFA60C500C05F77 /* ViewController.m */,
				A4037CA11DFA60C500C05F77 /* Main.storyboard */,
				A4037CA41DFA60C500C05F77 /* Assets.xcassets */,
				A4037CA61DFA60C500C05F77 /* LaunchScreen.storyboard */,
				A4037CA91DFA60C500C05F77 /* Info.plist */,
				A4037C981DFA60C500C05F77 /* Supporting Files */,
			);
			path = 8.ExplicitAnimations;
			sourceTree = "<group>";
		};
		A4037C981DFA60C500C05F77 /* Supporting Files */ = {
			isa = PBXGroup;
			children = (
				A4037C991DFA60C500C05F77 /* main.m */,
			);
			name = "Supporting Files";
			sourceTree = "<group>";
		};
		A4037CB11DFA60C500C05F77 /* 8.ExplicitAnimationsTests */ = {
			isa = PBXGroup;
			children = (
				A4037CB21DFA60C500C05F77 /* __ExplicitAnimationsTests.m */,
				A4037CB41DFA60C500C05F77 /* Info.plist */,
			);
			path = 8.ExplicitAnimationsTests;
			sourceTree = "<group>";
		};
		A4037CBC1DFA60C500C05F77 /* 8.ExplicitAnimationsUITests */ = {
			isa = PBXGroup;
			children = (
				A4037CBD1DFA60C500C05F77 /* __ExplicitAnimationsUITests.m */,
				A4037CBF1DFA60C500C05F77 /* Info.plist */,
			);
			path = 8.ExplicitAnimationsUITests;
			sourceTree = "<group>";
		};
/* End PBXGroup section */

/* Begin PBXNativeTarget section */
		A4037C941DFA60C500C05F77 /* 8.ExplicitAnimations */ = {
			isa = PBXNativeTarget;
			buildConfigurationList = A4037CC21DFA60C500C05F77 /* Build configuration list for PBXNativeTarget "8.ExplicitAnimations" */;
			buildPhases = (
				A4037C911DFA60C500C05F77 /* Sources */,
				A4037C921DFA60C500C05F77 /* Frameworks */,
				A4037C931DFA60C500C05F77 /* Resources */,
			);
			buildRules = (
			);
			dependencies = (
			);
			name = 8.ExplicitAnimations;
			productName = 8.ExplicitAnimations;
			productReference = A4037C951DFA60C500C05F77 /* 8.ExplicitAnimations.app */;
			productType = "com.apple.product-type.application";
		};
		A4037CAD1DFA60C500C05F77 /* 8.ExplicitAnimationsTests */ = {
			isa = PBXNativeTarget;
			buildConfigurationList = A4037CC51DFA60C500C05F77 /* Build configuration list for PBXNativeTarget "8.ExplicitAnimationsTests" */;
			buildPhases = (
				A4037CAA1DFA60C500C05F77 /* Sources */,
				A4037CAB1DFA60C500C05F77 /* Frameworks */,
				A4037CAC1DFA60C500C05F77 /* Resources */,
			);
			buildRules = (
			);
			dependencies = (
				A4037CB01DFA60C500C05F77 /* PBXTargetDependency */,
			);
			name = 8.ExplicitAnimationsTests;
			productName = 8.ExplicitAnimationsTests;
			productReference = A4037CAE1DFA60C500C05F77 /* 8.ExplicitAnimationsTests.xctest */;
			productType = "com.apple.product-type.bundle.unit-test";
		};
		A4037CB81DFA60C500C05F77 /* 8.ExplicitAnimationsUITests */ = {
			isa = PBXNativeTarget;
			buildConfigurationList = A4037CC81DFA60C500C05F77 /* Build configuration list for PBXNativeTarget "8.ExplicitAnimationsUITests" */;
			buildPhases = (
				A4037CB51DFA60C500C05F77 /* Sources */,
				A4037CB61DFA60C500C05F77 /* Frameworks */,
				A4037CB71DFA60C500C05F77 /* Resources */,
			);
			buildRules = (
			);
			dependencies = (
				A4037CBB1DFA60C500C05F77 /* PBXTargetDependency */,
			);
			name = 8.ExplicitAnimationsUITests;
			productName = 8.ExplicitAnimationsUITests;
			productReference = A4037CB91DFA60C500C05F77 /* 8.ExplicitAnimationsUITests.xctest */;
			productType = "com.apple.product-type.bundle.ui-testing";
		};
/* End PBXNativeTarget section */

/* Begin PBXProject section */
		A4037C8D1DFA60C500C05F77 /* Project object */ = {
			isa = PBXProject;
			attributes = {
				LastUpgradeCheck = 0810;
				ORGANIZATIONNAME = Cain;
				TargetAttributes = {
					A4037C941DFA60C500C05F77 = {
						CreatedOnToolsVersion = 8.1;
						DevelopmentTeam = M67UHY3N8U;
						ProvisioningStyle = Automatic;
					};
					A4037CAD1DFA60C500C05F77 = {
						CreatedOnToolsVersion = 8.1;
						DevelopmentTeam = M67UHY3N8U;
						ProvisioningStyle = Automatic;
						TestTargetID = A4037C941DFA60C500C05F77;
					};
					A4037CB81DFA60C500C05F77 = {
						CreatedOnToolsVersion = 8.1;
						DevelopmentTeam = M67UHY3N8U;
						ProvisioningStyle = Automatic;
						TestTargetID = A4037C941DFA60C500C05F77;
					};
				};
			};
			buildConfigurationList = A4037C901DFA60C500C05F77 /* Build configuration list for PBXProject "8.ExplicitAnimations" */;
			compatibilityVersion = "Xcode 3.2";
			developmentRegion = English;
			hasScannedForEncodings = 0;
			knownRegions = (
				en,
				Base,
			);
			mainGroup = A4037C8C1DFA60C500C05F77;
			productRefGroup = A4037C961DFA60C500C05F77 /* Products */;
			projectDirPath = "";
			projectRoot = "";
			targets = (
				A4037C941DFA60C500C05F77 /* 8.ExplicitAnimations */,
				A4037CAD1DFA60C500C05F77 /* 8.ExplicitAnimationsTests */,
				A4037CB81DFA60C500C05F77 /* 8.ExplicitAnimationsUITests */,
			);
		};
/* End PBXProject section */

/* Begin PBXResourcesBuildPhase section */
		A4037C931DFA60C500C05F77 /* Resources */ = {
			isa = PBXResourcesBuildPhase;
			buildActionMask = 2147483647;
			files = (
				A4037CA81DFA60C500C05F77 /* LaunchScreen.storyboard in Resources */,
				A4037CA51DFA60C500C05F77 /* Assets.xcassets in Resources */,
				A4037CA31DFA60C500C05F77 /* Main.storyboard in Resources */,
			);
			runOnlyForDeploymentPostprocessing = 0;
		};
		A4037CAC1DFA60C500C05F77 /* Resources */ = {
			isa = PBXResourcesBuildPhase;
			buildActionMask = 2147483647;
			files = (
			);
			runOnlyForDeploymentPostprocessing = 0;
		};
		A4037CB71DFA60C500C05F77 /* Resources */ = {
			isa = PBXResourcesBuildPhase;
			buildActionMask = 2147483647;
			files = (
			);
			runOnlyForDeploymentPostprocessing = 0;
		};
/* End PBXResourcesBuildPhase section */

/* Begin PBXSourcesBuildPhase section */
		A4037C911DFA60C500C05F77 /* Sources */ = {
			isa = PBXSourcesBuildPhase;
			buildActionMask = 2147483647;
			files = (
				A4037CA01DFA60C500C05F77 /* ViewController.m in Sources */,
				A4037C9D1DFA60C500C05F77 /* AppDelegate.m in Sources */,
				A4037C9A1DFA60C500C05F77 /* main.m in Sources */,
			);
			runOnlyForDeploymentPostprocessing = 0;
		};
		A4037CAA1DFA60C500C05F77 /* Sources */ = {
			isa = PBXSourcesBuildPhase;
			buildActionMask = 2147483647;
			files = (
				A4037CB31DFA60C500C05F77 /* __ExplicitAnimationsTests.m in Sources */,
			);
			runOnlyForDeploymentPostprocessing = 0;
		};
		A4037CB51DFA60C500C05F77 /* Sources */ = {
			isa = PBXSourcesBuildPhase;
			buildActionMask = 2147483647;
			files = (
				A4037CBE1DFA60C500C05F77 /* __ExplicitAnimationsUITests.m in Sources */,
			);
			runOnlyForDeploymentPostprocessing = 0;
		};
/* End PBXSourcesBuildPhase section */

/* Begin PBXTargetDependency section */
		A4037CB01DFA60C500C05F77 /* PBXTargetDependency */ = {
			isa = PBXTargetDependency;
			target = A4037C941DFA60C500C05F77 /* 8.ExplicitAnimations */;
			targetProxy = A4037CAF1DFA60C500C05F77 /* PBXContainerItemProxy */;
		};
		A4037CBB1DFA60C500C05F77 /* PBXTargetDependency */ = {
			isa = PBXTargetDependency;
			target = A4037C941DFA60C500C05F77 /* 8.ExplicitAnimations */;
			targetProxy = A4037CBA1DFA60C500C05F77 /* PBXContainerItemProxy */;
		};
/* End PBXTargetDependency section */

/* Begin PBXVariantGroup section */
		A4037CA11DFA60C500C05F77 /* Main.storyboard */ = {
			isa = PBXVariantGroup;
			children = (
				A4037CA21DFA60C500C05F77 /* Base */,
			);
			name = Main.storyboard;
			sourceTree = "<group>";
		};
		A4037CA61DFA60C500C05F77 /* LaunchScreen.storyboard */ = {
			isa = PBXVariantGroup;
			children = (
				A4037CA71DFA60C500C05F77 /* Base */,
			);
			name = LaunchScreen.storyboard;
			sourceTree = "<group>";
		};
/* End PBXVariantGroup section */

/* Begin XCBuildConfiguration section */
		A4037CC01DFA60C500C05F77 /* Debug */ = {
			isa = XCBuildConfiguration;
			buildSettings = {
				ALWAYS_SEARCH_USER_PATHS = NO;
				CLANG_ANALYZER_NONNULL = YES;
				CLANG_CXX_LANGUAGE_STANDARD = "gnu++0x";
				CLANG_CXX_LIBRARY = "libc++";
				CLANG_ENABLE_MODULES = YES;
				CLANG_ENABLE_OBJC_ARC = YES;
				CLANG_WARN_BOOL_CONVERSION = YES;
				CLANG_WARN_CONSTANT_CONVERSION = YES;
				CLANG_WARN_DIRECT_OBJC_ISA_USAGE = YES_ERROR;
				CLANG_WARN_DOCUMENTATION_COMMENTS = YES;
				CLANG_WARN_EMPTY_BODY = YES;
				CLANG_WARN_ENUM_CONVERSION = YES;
				CLANG_WARN_INFINITE_RECURSION = YES;
				CLANG_WARN_INT_CONVERSION = YES;
				CLANG_WARN_OBJC_ROOT_CLASS = YES_ERROR;
				CLANG_WARN_SUSPICIOUS_MOVES = YES;
				CLANG_WARN_UNREACHABLE_CODE = YES;
				CLANG_WARN__DUPLICATE_METHOD_MATCH = YES;
				"CODE_SIGN_IDENTITY[sdk=iphoneos*]" = "iPhone Developer";
				COPY_PHASE_STRIP = NO;
				DEBUG_INFORMATION_FORMAT = dwarf;
				ENABLE_STRICT_OBJC_MSGSEND = YES;
				ENABLE_TESTABILITY = YES;
				GCC_C_LANGUAGE_STANDARD = gnu99;
				GCC_DYNAMIC_NO_PIC = NO;
				GCC_NO_COMMON_BLOCKS = YES;
				GCC_OPTIMIZATION_LEVEL = 0;
				GCC_PREPROCESSOR_DEFINITIONS = (
					"DEBUG=1",
					"$(inherited)",
				);
				GCC_WARN_64_TO_32_BIT_CONVERSION = YES;
				GCC_WARN_ABOUT_RETURN_TYPE = YES_ERROR;
				GCC_WARN_UNDECLARED_SELECTOR = YES;
				GCC_WARN_UNINITIALIZED_AUTOS = YES_AGGRESSIVE;
				GCC_WARN_UNUSED_FUNCTION = YES;
				GCC_WARN_UNUSED_VARIABLE = YES;
				IPHONEOS_DEPLOYMENT_TARGET = 10.1;
				MTL_ENABLE_DEBUG_INFO = YES;
				ONLY_ACTIVE_ARCH = YES;
				SDKROOT = iphoneos;
				TARGETED_DEVICE_FAMILY = "1,2";
			};
			name = Debug;
		};
		A4037CC11DFA60C500C05F77 /* Release */ = {
			isa = XCBuildConfiguration;
			buildSettings = {
				ALWAYS_SEARCH_USER_PATHS = NO;
				CLANG_ANALYZER_NONNULL = YES;
				CLANG_CXX_LANGUAGE_STANDARD = "gnu++0x";
				CLANG_CXX_LIBRARY = "libc++";
				CLANG_ENABLE_MODULES = YES;
				CLANG_ENABLE_OBJC_ARC = YES;
				CLANG_WARN_BOOL_CONVERSION = YES;
				CLANG_WARN_CONSTANT_CONVERSION = YES;
				CLANG_WARN_DIRECT_OBJC_ISA_USAGE = YES_ERROR;
				CLANG_WARN_DOCUMENTATION_COMMENTS = YES;
				CLANG_WARN_EMPTY_BODY = YES;
				CLANG_WARN_ENUM_CONVERSION = YES;
				CLANG_WARN_INFINITE_RECURSION = YES;
				CLANG_WARN_INT_CONVERSION = YES;
				CLANG_WARN_OBJC_ROOT_CLASS = YES_ERROR;
				CLANG_WARN_SUSPICIOUS_MOVES = YES;
				CLANG_WARN_UNREACHABLE_CODE = YES;
				CLANG_WARN__DUPLICATE_METHOD_MATCH = YES;
				"CODE_SIGN_IDENTITY[sdk=iphoneos*]" = "iPhone Developer";
				COPY_PHASE_STRIP = NO;
				DEBUG_INFORMATION_FORMAT = "dwarf-with-dsym";
				ENABLE_NS_ASSERTIONS = NO;
				ENABLE_STRICT_OBJC_MSGSEND = YES;
				GCC_C_LANGUAGE_STANDARD = gnu99;
				GCC_NO_COMMON_BLOCKS = YES;
				GCC_WARN_64_TO_32_BIT_CONVERSION = YES;
				GCC_WARN_ABOUT_RETURN_TYPE = YES_ERROR;
				GCC_WARN_UNDECLARED_SELECTOR = YES;
				GCC_WARN_UNINITIALIZED_AUTOS = YES_AGGRESSIVE;
				GCC_WARN_UNUSED_FUNCTION = YES;
				GCC_WARN_UNUSED_VARIABLE = YES;
				IPHONEOS_DEPLOYMENT_TARGET = 10.1;
				MTL_ENABLE_DEBUG_INFO = NO;
				SDKROOT = iphoneos;
				TARGETED_DEVICE_FAMILY = "1,2";
				VALIDATE_PRODUCT = YES;
			};
			name = Release;
		};
		A4037CC31DFA60C500C05F77 /* Debug */ = {
			isa = XCBuildConfiguration;
			buildSettings = {
				ASSETCATALOG_COMPILER_APPICON_NAME = AppIcon;
				DEVELOPMENT_TEAM = M67UHY3N8U;
				INFOPLIST_FILE = 8.ExplicitAnimations/Info.plist;
				LD_RUNPATH_SEARCH_PATHS = "$(inherited) @executable_path/Frameworks";
				PRODUCT_BUNDLE_IDENTIFIER = "com.cainLuo.--ExplicitAnimations";
				PRODUCT_NAME = "$(TARGET_NAME)";
			};
			name = Debug;
		};
		A4037CC41DFA60C500C05F77 /* Release */ = {
			isa = XCBuildConfiguration;
			buildSettings = {
				ASSETCATALOG_COMPILER_APPICON_NAME = AppIcon;
				DEVELOPMENT_TEAM = M67UHY3N8U;
				INFOPLIST_FILE = 8.ExplicitAnimations/Info.plist;
				LD_RUNPATH_SEARCH_PATHS = "$(inherited) @executable_path/Frameworks";
				PRODUCT_BUNDLE_IDENTIFIER = "com.cainLuo.--ExplicitAnimations";
				PRODUCT_NAME = "$(TARGET_NAME)";
			};
			name = Release;
		};
		A4037CC61DFA60C500C05F77 /* Debug */ = {
			isa = XCBuildConfiguration;
			buildSettings = {
				BUNDLE_LOADER = "$(TEST_HOST)";
				DEVELOPMENT_TEAM = M67UHY3N8U;
				INFOPLIST_FILE = 8.ExplicitAnimationsTests/Info.plist;
				LD_RUNPATH_SEARCH_PATHS = "$(inherited) @executable_path/Frameworks @loader_path/Frameworks";
				PRODUCT_BUNDLE_IDENTIFIER = "com.cainLuo.--ExplicitAnimationsTests";
				PRODUCT_NAME = "$(TARGET_NAME)";
				TEST_HOST = "$(BUILT_PRODUCTS_DIR)/8.ExplicitAnimations.app/8.ExplicitAnimations";
			};
			name = Debug;
		};
		A4037CC71DFA60C500C05F77 /* Release */ = {
			isa = XCBuildConfiguration;
			buildSettings = {
				BUNDLE_LOADER = "$(TEST_HOST)";
				DEVELOPMENT_TEAM = M67UHY3N8U;
				INFOPLIST_FILE = 8.ExplicitAnimationsTests/Info.plist;
				LD_RUNPATH_SEARCH_PATHS = "$(inherited) @executable_path/Frameworks @loader_path/Frameworks";
				PRODUCT_BUNDLE_IDENTIFIER = "com.cainLuo.--ExplicitAnimationsTests";
				PRODUCT_NAME = "$(TARGET_NAME)";
				TEST_HOST = "$(BUILT_PRODUCTS_DIR)/8.ExplicitAnimations.app/8.ExplicitAnimations";
			};
			name = Release;
		};
		A4037CC91DFA60C500C05F77 /* Debug */ = {
			isa = XCBuildConfiguration;
			buildSettings = {
				DEVELOPMENT_TEAM = M67UHY3N8U;
				INFOPLIST_FILE = 8.ExplicitAnimationsUITests/Info.plist;
				LD_RUNPATH_SEARCH_PATHS = "$(inherited) @executable_path/Frameworks @loader_path/Frameworks";
				PRODUCT_BUNDLE_IDENTIFIER = "com.cainLuo.--ExplicitAnimationsUITests";
				PRODUCT_NAME = "$(TARGET_NAME)";
				TEST_TARGET_NAME = 8.ExplicitAnimations;
			};
			name = Debug;
		};
		A4037CCA1DFA60C500C05F77 /* Release */ = {
			isa = XCBuildConfiguration;
			buildSettings = {
				DEVELOPMENT_TEAM = M67UHY3N8U;
				INFOPLIST_FILE = 8.ExplicitAnimationsUITests/Info.plist;
				LD_RUNPATH_SEARCH_PATHS = "$(inherited) @executable_path/Frameworks @loader_path/Frameworks";
				PRODUCT_BUNDLE_IDENTIFIER = "com.cainLuo.--ExplicitAnimationsUITests";
				PRODUCT_NAME = "$(TARGET_NAME)";
				TEST_TARGET_NAME = 8.ExplicitAnimations;
			};
			name = Release;
		};
/* End XCBuildConfiguration section */

/* Begin XCConfigurationList section */
		A4037C901DFA60C500C05F77 /* Build configuration list for PBXProject "8.ExplicitAnimations" */ = {
			isa = XCConfigurationList;
			buildConfigurations = (
				A4037CC01DFA60C500C05F77 /* Debug */,
				A4037CC11DFA60C500C05F77 /* Release */,
			);
			defaultConfigurationIsVisible = 0;
			defaultConfigurationName = Release;
		};
		A4037CC21DFA60C500C05F77 /* Build configuration list for PBXNativeTarget "8.ExplicitAnimations" */ = {
			isa = XCConfigurationList;
			buildConfigurations = (
				A4037CC31DFA60C500C05F77 /* Debug */,
				A4037CC41DFA60C500C05F77 /* Release */,
			);
			defaultConfigurationIsVisible = 0;
		};
		A4037CC51DFA60C500C05F77 /* Build configuration list for PBXNativeTarget "8.ExplicitAnimationsTests" */ = {
			isa = XCConfigurationList;
			buildConfigurations = (
				A4037CC61DFA60C500C05F77 /* Debug */,
				A4037CC71DFA60C500C05F77 /* Release */,
			);
			defaultConfigurationIsVisible = 0;
		};
		A4037CC81DFA60C500C05F77 /* Build configuration list for PBXNativeTarget "8.ExplicitAnimationsUITests" */ = {
			isa = XCConfigurationList;
			buildConfigurations = (
				A4037CC91DFA60C500C05F77 /* Debug */,
				A4037CCA1DFA60C500C05F77 /* Release */,
			);
			defaultConfigurationIsVisible = 0;
		};
/* End XCConfigurationList section */
	};
	rootObject = A4037C8D1DFA60C500C05F77 /* Project object */;
}
